
Microsoft Visual Studio Solution File, Format Version 12.00
# Visual Studio Version 17
VisualStudioVersion = 17.11.35327.3
MinimumVisualStudioVersion = 10.0.40219.1
Project("{2150E333-8FDC-42A3-9474-1A3956D46DE8}") = "Services", "Services", "{6DC32A04-D17C-472C-83A5-9F8F45160FED}"
EndProject
Project("{2150E333-8FDC-42A3-9474-1A3956D46DE8}") = "Catalog", "Catalog", "{EA6E5128-2DF5-4C69-BC69-DB2A7ADD73E5}"
EndProject
Project("{9A19103F-16F7-4668-BE54-9A1E7A4F7556}") = "Catalog.API", "Services\Catalog\Catalog.API\Catalog.API.csproj", "{10F08B07-A98D-4DEF-87D5-861EB30891AE}"
EndProject
Project("{2150E333-8FDC-42A3-9474-1A3956D46DE8}") = "BuildingBlocks", "BuildingBlocks", "{18570B0A-4203-4F77-9FAF-C9F2C66FB8EE}"
EndProject
Project("{9A19103F-16F7-4668-BE54-9A1E7A4F7556}") = "BuildingBlocks", "BuildingBlocks\BuildingBlocks\BuildingBlocks.csproj", "{6F582BB6-8E9D-4BF4-9F07-9CFFC471627F}"
EndProject
Project("{E53339B2-1760-4266-BCC7-CA923CBCF16C}") = "docker-compose", "docker-compose.dcproj", "{1CF4D385-6E11-42CC-B7C5-F21920B407BE}"
EndProject
Project("{2150E333-8FDC-42A3-9474-1A3956D46DE8}") = "Basket", "Basket", "{5CC0E344-06E9-44B2-819E-05576B976E2D}"
EndProject
Project("{FAE04EC0-301F-11D3-BF4B-00C04F79EFBC}") = "Basket.API", "Services\Basket\Basket.API\Basket.API.csproj", "{B5DD81DE-DCFD-4613-9E8F-A2107108DA8E}"
EndProject
Project("{2150E333-8FDC-42A3-9474-1A3956D46DE8}") = "Discount", "Discount", "{FA25F9BF-D7BB-44AA-8739-C74C23A31CFD}"
EndProject
Project("{FAE04EC0-301F-11D3-BF4B-00C04F79EFBC}") = "Discount.Grpc", "Services\Discount\Discount.Grpc\Discount.Grpc.csproj", "{02952EC5-97C6-4B88-A619-EBF5981012B6}"
EndProject
Project("{2150E333-8FDC-42A3-9474-1A3956D46DE8}") = "Ordering", "Ordering", "{3BE24C3D-1C39-4CB7-B682-1A7EA0503C81}"
EndProject
Project("{FAE04EC0-301F-11D3-BF4B-00C04F79EFBC}") = "Ordering.API", "Services\Ordering\Ordering.API\Ordering.API.csproj", "{BA4368C0-C35D-46B4-B27E-FA9B6855209B}"
EndProject
Project("{FAE04EC0-301F-11D3-BF4B-00C04F79EFBC}") = "Ordering.Domain", "Services\Ordering\Ordering.Domain\Ordering.Domain.csproj", "{86E4F670-FCC7-4FAD-B975-744886003FDD}"
EndProject
Project("{FAE04EC0-301F-11D3-BF4B-00C04F79EFBC}") = "Ordering.Application", "Services\Ordering\Ordering.Application\Ordering.Application.csproj", "{4481F36D-C1D0-4E21-86F2-101C5CB0870A}"
EndProject
Project("{FAE04EC0-301F-11D3-BF4B-00C04F79EFBC}") = "Ordering.Infrastructure", "Services\Ordering\Ordering.Infrastructure\Ordering.Infrastructure.csproj", "{233F5D84-78A0-4E53-BE69-DB097109ECE0}"
EndProject
Global
	GlobalSection(SolutionConfigurationPlatforms) = preSolution
		Debug|Any CPU = Debug|Any CPU
		Release|Any CPU = Release|Any CPU
	EndGlobalSection
	GlobalSection(ProjectConfigurationPlatforms) = postSolution
		{10F08B07-A98D-4DEF-87D5-861EB30891AE}.Debug|Any CPU.ActiveCfg = Debug|Any CPU
		{10F08B07-A98D-4DEF-87D5-861EB30891AE}.Debug|Any CPU.Build.0 = Debug|Any CPU
		{10F08B07-A98D-4DEF-87D5-861EB30891AE}.Release|Any CPU.ActiveCfg = Release|Any CPU
		{10F08B07-A98D-4DEF-87D5-861EB30891AE}.Release|Any CPU.Build.0 = Release|Any CPU
		{6F582BB6-8E9D-4BF4-9F07-9CFFC471627F}.Debug|Any CPU.ActiveCfg = Debug|Any CPU
		{6F582BB6-8E9D-4BF4-9F07-9CFFC471627F}.Debug|Any CPU.Build.0 = Debug|Any CPU
		{6F582BB6-8E9D-4BF4-9F07-9CFFC471627F}.Release|Any CPU.ActiveCfg = Release|Any CPU
		{6F582BB6-8E9D-4BF4-9F07-9CFFC471627F}.Release|Any CPU.Build.0 = Release|Any CPU
		{1CF4D385-6E11-42CC-B7C5-F21920B407BE}.Debug|Any CPU.ActiveCfg = Debug|Any CPU
		{1CF4D385-6E11-42CC-B7C5-F21920B407BE}.Debug|Any CPU.Build.0 = Debug|Any CPU
		{1CF4D385-6E11-42CC-B7C5-F21920B407BE}.Release|Any CPU.ActiveCfg = Release|Any CPU
		{1CF4D385-6E11-42CC-B7C5-F21920B407BE}.Release|Any CPU.Build.0 = Release|Any CPU
		{B5DD81DE-DCFD-4613-9E8F-A2107108DA8E}.Debug|Any CPU.ActiveCfg = Debug|Any CPU
		{B5DD81DE-DCFD-4613-9E8F-A2107108DA8E}.Debug|Any CPU.Build.0 = Debug|Any CPU
		{B5DD81DE-DCFD-4613-9E8F-A2107108DA8E}.Release|Any CPU.ActiveCfg = Release|Any CPU
		{B5DD81DE-DCFD-4613-9E8F-A2107108DA8E}.Release|Any CPU.Build.0 = Release|Any CPU
		{02952EC5-97C6-4B88-A619-EBF5981012B6}.Debug|Any CPU.ActiveCfg = Debug|Any CPU
		{02952EC5-97C6-4B88-A619-EBF5981012B6}.Debug|Any CPU.Build.0 = Debug|Any CPU
		{02952EC5-97C6-4B88-A619-EBF5981012B6}.Release|Any CPU.ActiveCfg = Release|Any CPU
		{02952EC5-97C6-4B88-A619-EBF5981012B6}.Release|Any CPU.Build.0 = Release|Any CPU
		{BA4368C0-C35D-46B4-B27E-FA9B6855209B}.Debug|Any CPU.ActiveCfg = Debug|Any CPU
		{BA4368C0-C35D-46B4-B27E-FA9B6855209B}.Debug|Any CPU.Build.0 = Debug|Any CPU
		{BA4368C0-C35D-46B4-B27E-FA9B6855209B}.Release|Any CPU.ActiveCfg = Release|Any CPU
		{BA4368C0-C35D-46B4-B27E-FA9B6855209B}.Release|Any CPU.Build.0 = Release|Any CPU
		{86E4F670-FCC7-4FAD-B975-744886003FDD}.Debug|Any CPU.ActiveCfg = Debug|Any CPU
		{86E4F670-FCC7-4FAD-B975-744886003FDD}.Debug|Any CPU.Build.0 = Debug|Any CPU
		{86E4F670-FCC7-4FAD-B975-744886003FDD}.Release|Any CPU.ActiveCfg = Release|Any CPU
		{86E4F670-FCC7-4FAD-B975-744886003FDD}.Release|Any CPU.Build.0 = Release|Any CPU
		{4481F36D-C1D0-4E21-86F2-101C5CB0870A}.Debug|Any CPU.ActiveCfg = Debug|Any CPU
		{4481F36D-C1D0-4E21-86F2-101C5CB0870A}.Debug|Any CPU.Build.0 = Debug|Any CPU
		{4481F36D-C1D0-4E21-86F2-101C5CB0870A}.Release|Any CPU.ActiveCfg = Release|Any CPU
		{4481F36D-C1D0-4E21-86F2-101C5CB0870A}.Release|Any CPU.Build.0 = Release|Any CPU
		{233F5D84-78A0-4E53-BE69-DB097109ECE0}.Debug|Any CPU.ActiveCfg = Debug|Any CPU
		{233F5D84-78A0-4E53-BE69-DB097109ECE0}.Debug|Any CPU.Build.0 = Debug|Any CPU
		{233F5D84-78A0-4E53-BE69-DB097109ECE0}.Release|Any CPU.ActiveCfg = Release|Any CPU
		{233F5D84-78A0-4E53-BE69-DB097109ECE0}.Release|Any CPU.Build.0 = Release|Any CPU
	EndGlobalSection
	GlobalSection(SolutionProperties) = preSolution
		HideSolutionNode = FALSE
	EndGlobalSection
	GlobalSection(NestedProjects) = preSolution
		{EA6E5128-2DF5-4C69-BC69-DB2A7ADD73E5} = {6DC32A04-D17C-472C-83A5-9F8F45160FED}
		{10F08B07-A98D-4DEF-87D5-861EB30891AE} = {EA6E5128-2DF5-4C69-BC69-DB2A7ADD73E5}
		{6F582BB6-8E9D-4BF4-9F07-9CFFC471627F} = {18570B0A-4203-4F77-9FAF-C9F2C66FB8EE}
		{5CC0E344-06E9-44B2-819E-05576B976E2D} = {6DC32A04-D17C-472C-83A5-9F8F45160FED}
		{B5DD81DE-DCFD-4613-9E8F-A2107108DA8E} = {5CC0E344-06E9-44B2-819E-05576B976E2D}
		{FA25F9BF-D7BB-44AA-8739-C74C23A31CFD} = {6DC32A04-D17C-472C-83A5-9F8F45160FED}
		{02952EC5-97C6-4B88-A619-EBF5981012B6} = {FA25F9BF-D7BB-44AA-8739-C74C23A31CFD}
		{3BE24C3D-1C39-4CB7-B682-1A7EA0503C81} = {6DC32A04-D17C-472C-83A5-9F8F45160FED}
		{BA4368C0-C35D-46B4-B27E-FA9B6855209B} = {3BE24C3D-1C39-4CB7-B682-1A7EA0503C81}
		{86E4F670-FCC7-4FAD-B975-744886003FDD} = {3BE24C3D-1C39-4CB7-B682-1A7EA0503C81}
		{4481F36D-C1D0-4E21-86F2-101C5CB0870A} = {3BE24C3D-1C39-4CB7-B682-1A7EA0503C81}
		{233F5D84-78A0-4E53-BE69-DB097109ECE0} = {3BE24C3D-1C39-4CB7-B682-1A7EA0503C81}
	EndGlobalSection
	GlobalSection(ExtensibilityGlobals) = postSolution
		SolutionGuid = {F67540E2-672F-461B-A8A0-29C5F90123A8}
	EndGlobalSection
EndGlobal
